
Microsoft Visual Studio Solution File, Format Version 12.00
# Visual Studio 14
VisualStudioVersion = 14.0.25123.0
MinimumVisualStudioVersion = 10.0.40219.1
Project("{8BC9CEB8-8B4A-11D0-8D11-00A0C91BC942}") = "Bumblebee", "Arduino\Bumblebee.vcxproj", "{20883680-F027-42ED-A200-216772B5F926}"
EndProject
Project("{FAE04EC0-301F-11D3-BF4B-00C04F79EFBC}") = "console_app", "console_app\console_app.csproj", "{B418C9C9-4B8B-4CB7-830F-2CEA3CE121BC}"
EndProject
Global
	GlobalSection(SolutionConfigurationPlatforms) = preSolution
		Debug|Any CPU = Debug|Any CPU
		Debug|x64 = Debug|x64
		Debug|x86 = Debug|x86
		Release|Any CPU = Release|Any CPU
		Release|x64 = Release|x64
		Release|x86 = Release|x86
	EndGlobalSection
	GlobalSection(ProjectConfigurationPlatforms) = postSolution
		{20883680-F027-42ED-A200-216772B5F926}.Debug|Any CPU.ActiveCfg = Debug|Win32
		{20883680-F027-42ED-A200-216772B5F926}.Debug|x64.ActiveCfg = Debug|x64
		{20883680-F027-42ED-A200-216772B5F926}.Debug|x64.Build.0 = Debug|x64
		{20883680-F027-42ED-A200-216772B5F926}.Debug|x86.ActiveCfg = Debug|Win32
		{20883680-F027-42ED-A200-216772B5F926}.Debug|x86.Build.0 = Debug|Win32
		{20883680-F027-42ED-A200-216772B5F926}.Release|Any CPU.ActiveCfg = Release|Win32
		{20883680-F027-42ED-A200-216772B5F926}.Release|x64.ActiveCfg = Release|x64
		{20883680-F027-42ED-A200-216772B5F926}.Release|x64.Build.0 = Release|x64
		{20883680-F027-42ED-A200-216772B5F926}.Release|x86.ActiveCfg = Release|Win32
		{20883680-F027-42ED-A200-216772B5F926}.Release|x86.Build.0 = Release|Win32
		{B418C9C9-4B8B-4CB7-830F-2CEA3CE121BC}.Debug|Any CPU.ActiveCfg = Debug|Any CPU
		{B418C9C9-4B8B-4CB7-830F-2CEA3CE121BC}.Debug|Any CPU.Build.0 = Debug|Any CPU
		{B418C9C9-4B8B-4CB7-830F-2CEA3CE121BC}.Debug|x64.ActiveCfg = Debug|Any CPU
		{B418C9C9-4B8B-4CB7-830F-2CEA3CE121BC}.Debug|x64.Build.0 = Debug|Any CPU
		{B418C9C9-4B8B-4CB7-830F-2CEA3CE121BC}.Debug|x86.ActiveCfg = Debug|Any CPU
		{B418C9C9-4B8B-4CB7-830F-2CEA3CE121BC}.Debug|x86.Build.0 = Debug|Any CPU
		{B418C9C9-4B8B-4CB7-830F-2CEA3CE121BC}.Release|Any CPU.ActiveCfg = Release|Any CPU
		{B418C9C9-4B8B-4CB7-830F-2CEA3CE121BC}.Release|Any CPU.Build.0 = Release|Any CPU
		{B418C9C9-4B8B-4CB7-830F-2CEA3CE121BC}.Release|x64.ActiveCfg = Release|Any CPU
		{B418C9C9-4B8B-4CB7-830F-2CEA3CE121BC}.Release|x64.Build.0 = Release|Any CPU
		{B418C9C9-4B8B-4CB7-830F-2CEA3CE121BC}.Release|x86.ActiveCfg = Release|Any CPU
		{B418C9C9-4B8B-4CB7-830F-2CEA3CE121BC}.Release|x86.Build.0 = Release|Any CPU
	EndGlobalSection
	GlobalSection(SolutionProperties) = preSolution
		HideSolutionNode = FALSE
	EndGlobalSection
EndGlobal
